{
  "version": 4,
  "terraform_version": "1.9.8",
  "serial": 14,
  "lineage": "3f600373-d3a4-d5e5-77c2-2f48a688d223",
  "outputs": {},
  "resources": [
    {
      "mode": "data",
      "type": "keycloak_role",
      "name": "default_roles_retailstore",
      "provider": "provider[\"registry.terraform.io/mrparkers/keycloak\"]",
      "instances": [
        {
          "schema_version": 0,
          "attributes": {
            "attributes": {},
            "client_id": "",
            "composite_roles": [],
            "description": "${role_default-roles}",
            "id": "e20b519b-4a87-46dd-b422-5ef58578873c",
            "name": "default-roles-retailstore",
            "realm_id": "retailstore"
          },
          "sensitive_attributes": []
        }
      ]
    },
    {
      "mode": "managed",
      "type": "keycloak_openid_client",
      "name": "retailstore_webapp",
      "provider": "provider[\"registry.terraform.io/mrparkers/keycloak\"]",
      "instances": [
        {
          "schema_version": 0,
          "attributes": {
            "access_token_lifespan": "",
            "access_type": "CONFIDENTIAL",
            "admin_url": "",
            "authentication_flow_binding_overrides": [],
            "authorization": [],
            "backchannel_logout_revoke_offline_sessions": false,
            "backchannel_logout_session_required": true,
            "backchannel_logout_url": "",
            "base_url": "",
            "client_authenticator_type": "client-secret",
            "client_id": "retailstore-webapp",
            "client_offline_session_idle_timeout": "",
            "client_offline_session_max_lifespan": "",
            "client_secret": "P1sibsIrELBhmvK18BOzw1bUl96DcP2z",
            "client_session_idle_timeout": "",
            "client_session_max_lifespan": "",
            "consent_required": false,
            "consent_screen_text": "",
            "description": "",
            "direct_access_grants_enabled": true,
            "display_on_consent_screen": false,
            "enabled": true,
            "exclude_session_state_from_auth_response": null,
            "extra_config": null,
            "frontchannel_logout_enabled": false,
            "frontchannel_logout_url": "",
            "full_scope_allowed": true,
            "id": "91812665-d05b-479c-b253-8f1f2fdb9b95",
            "implicit_flow_enabled": false,
            "import": false,
            "login_theme": "",
            "name": "retailstore-webapp",
            "oauth2_device_authorization_grant_enabled": false,
            "oauth2_device_code_lifespan": "",
            "oauth2_device_polling_interval": "",
            "pkce_code_challenge_method": null,
            "realm_id": "retailstore",
            "resource_server_id": null,
            "root_url": "",
            "service_account_user_id": "aa778965-a44c-4e35-90d7-0091f66a3c14",
            "service_accounts_enabled": true,
            "standard_flow_enabled": true,
            "use_refresh_tokens": true,
            "use_refresh_tokens_client_credentials": false,
            "valid_post_logout_redirect_uris": [
              "http://localhost:8080/",
              "https://api.retailstore.local/",
              "https://retailstore.local/"
            ],
            "valid_redirect_uris": [
              "http://localhost:8080/login/oauth2/code/keycloak",
              "https://api.retailstore.local/login/oauth2/code/keycloak",
              "https://retailstore.local/login/oauth2/code/keycloak"
            ],
            "web_origins": [
              "http://localhost:8080",
              "https://api.retailstore.local",
              "https://retailstore.local"
            ]
          },
          "sensitive_attributes": [
            [
              {
                "type": "get_attr",
                "value": "client_secret"
              }
            ]
          ],
          "private": "bnVsbA==",
          "dependencies": [
            "keycloak_realm.retailstore"
          ]
        }
      ]
    },
    {
      "mode": "managed",
      "type": "keycloak_openid_user_session_note_protocol_mapper",
      "name": "client_address_mapper",
      "provider": "provider[\"registry.terraform.io/mrparkers/keycloak\"]",
      "instances": [
        {
          "schema_version": 0,
          "attributes": {
            "add_to_access_token": true,
            "add_to_id_token": true,
            "claim_name": "clientAddress",
            "claim_value_type": "String",
            "client_id": "91812665-d05b-479c-b253-8f1f2fdb9b95",
            "client_scope_id": null,
            "id": "063476a4-331b-43e2-8a13-1e8afafafe1a",
            "name": "Client IP Address",
            "realm_id": "retailstore",
            "session_note": "clientAddress"
          },
          "sensitive_attributes": [],
          "private": "bnVsbA==",
          "dependencies": [
            "keycloak_openid_client.retailstore_webapp",
            "keycloak_realm.retailstore"
          ]
        }
      ]
    },
    {
      "mode": "managed",
      "type": "keycloak_openid_user_session_note_protocol_mapper",
      "name": "client_host_mapper",
      "provider": "provider[\"registry.terraform.io/mrparkers/keycloak\"]",
      "instances": [
        {
          "schema_version": 0,
          "attributes": {
            "add_to_access_token": true,
            "add_to_id_token": true,
            "claim_name": "clientHost",
            "claim_value_type": "String",
            "client_id": "91812665-d05b-479c-b253-8f1f2fdb9b95",
            "client_scope_id": null,
            "id": "15a67240-b074-4957-8279-9b531ce05184",
            "name": "Client Host",
            "realm_id": "retailstore",
            "session_note": "clientHost"
          },
          "sensitive_attributes": [],
          "private": "bnVsbA==",
          "dependencies": [
            "keycloak_openid_client.retailstore_webapp",
            "keycloak_realm.retailstore"
          ]
        }
      ]
    },
    {
      "mode": "managed",
      "type": "keycloak_openid_user_session_note_protocol_mapper",
      "name": "client_id_mapper",
      "provider": "provider[\"registry.terraform.io/mrparkers/keycloak\"]",
      "instances": [
        {
          "schema_version": 0,
          "attributes": {
            "add_to_access_token": true,
            "add_to_id_token": true,
            "claim_name": "clientId",
            "claim_value_type": "String",
            "client_id": "91812665-d05b-479c-b253-8f1f2fdb9b95",
            "client_scope_id": null,
            "id": "0cdaa27b-1c81-44f2-b43d-0354fd6b181e",
            "name": "Client ID",
            "realm_id": "retailstore",
            "session_note": "clientId"
          },
          "sensitive_attributes": [],
          "private": "bnVsbA==",
          "dependencies": [
            "keycloak_openid_client.retailstore_webapp",
            "keycloak_realm.retailstore"
          ]
        }
      ]
    },
    {
      "mode": "managed",
      "type": "keycloak_realm",
      "name": "retailstore",
      "provider": "provider[\"registry.terraform.io/mrparkers/keycloak\"]",
      "instances": [
        {
          "schema_version": 0,
          "attributes": {
            "access_code_lifespan": "1m0s",
            "access_code_lifespan_login": "30m0s",
            "access_code_lifespan_user_action": "5m0s",
            "access_token_lifespan": "5m0s",
            "access_token_lifespan_for_implicit_flow": "15m0s",
            "account_theme": "",
            "action_token_generated_by_admin_lifespan": "12h0m0s",
            "action_token_generated_by_user_lifespan": "5m0s",
            "admin_theme": "",
            "attributes": null,
            "browser_flow": "browser",
            "client_authentication_flow": "clients",
            "client_session_idle_timeout": "0s",
            "client_session_max_lifespan": "0s",
            "default_default_client_scopes": null,
            "default_optional_client_scopes": null,
            "default_signature_algorithm": "RS256",
            "direct_grant_flow": "direct grant",
            "display_name": "",
            "display_name_html": "",
            "docker_authentication_flow": "docker auth",
            "duplicate_emails_allowed": false,
            "edit_username_allowed": false,
            "email_theme": "",
            "enabled": true,
            "id": "retailstore",
            "internal_id": "retailstore",
            "internationalization": [],
            "login_theme": "",
            "login_with_email_allowed": true,
            "oauth2_device_code_lifespan": "10m0s",
            "oauth2_device_polling_interval": 5,
            "offline_session_idle_timeout": "720h0m0s",
            "offline_session_max_lifespan": "1440h0m0s",
            "offline_session_max_lifespan_enabled": false,
            "otp_policy": [
              {
                "algorithm": "HmacSHA1",
                "digits": 6,
                "initial_counter": 0,
                "look_ahead_window": 1,
                "period": 30,
                "type": "totp"
              }
            ],
            "password_policy": "",
            "realm": "retailstore",
            "refresh_token_max_reuse": 0,
            "registration_allowed": true,
            "registration_email_as_username": false,
            "registration_flow": "registration",
            "remember_me": false,
            "reset_credentials_flow": "reset credentials",
            "reset_password_allowed": false,
            "revoke_refresh_token": false,
            "security_defenses": [],
            "smtp_server": [],
            "ssl_required": "external",
            "sso_session_idle_timeout": "30m0s",
            "sso_session_idle_timeout_remember_me": "0s",
            "sso_session_max_lifespan": "10h0m0s",
            "sso_session_max_lifespan_remember_me": "0s",
            "user_managed_access": false,
            "verify_email": false,
            "web_authn_passwordless_policy": [
              {
                "acceptable_aaguids": [],
                "attestation_conveyance_preference": "not specified",
                "authenticator_attachment": "not specified",
                "avoid_same_authenticator_register": false,
                "create_timeout": 0,
                "relying_party_entity_name": "keycloak",
                "relying_party_id": "",
                "require_resident_key": "not specified",
                "signature_algorithms": [
                  "ES256",
                  "RS256"
                ],
                "user_verification_requirement": "required"
              }
            ],
            "web_authn_policy": [
              {
                "acceptable_aaguids": [],
                "attestation_conveyance_preference": "not specified",
                "authenticator_attachment": "not specified",
                "avoid_same_authenticator_register": false,
                "create_timeout": 0,
                "relying_party_entity_name": "keycloak",
                "relying_party_id": "",
                "require_resident_key": "not specified",
                "signature_algorithms": [
                  "ES256",
                  "RS256"
                ],
                "user_verification_requirement": "not specified"
              }
            ]
          },
          "sensitive_attributes": [],
          "private": "bnVsbA=="
        }
      ]
    },
    {
      "mode": "managed",
      "type": "keycloak_role",
      "name": "user_realm_role",
      "provider": "provider[\"registry.terraform.io/mrparkers/keycloak\"]",
      "instances": [
        {
          "schema_version": 0,
          "attributes": {
            "attributes": null,
            "client_id": "",
            "composite_roles": null,
            "description": "User role",
            "id": "792f584d-f8b7-46d6-a2ca-079ba68ebbe4",
            "name": "user",
            "realm_id": "retailstore"
          },
          "sensitive_attributes": [],
          "private": "bnVsbA==",
          "dependencies": [
            "keycloak_realm.retailstore"
          ]
        }
      ]
    },
    {
      "mode": "managed",
      "type": "keycloak_role",
      "name": "webapp_admin_role",
      "provider": "provider[\"registry.terraform.io/mrparkers/keycloak\"]",
      "instances": [
        {
          "schema_version": 0,
          "attributes": {
            "attributes": null,
            "client_id": "91812665-d05b-479c-b253-8f1f2fdb9b95",
            "composite_roles": null,
            "description": "retail store Administrator",
            "id": "6653dfca-6313-4b45-b90e-666c7c8e64cb",
            "name": "ADMIN",
            "realm_id": "retailstore"
          },
          "sensitive_attributes": [],
          "private": "bnVsbA==",
          "dependencies": [
            "keycloak_openid_client.retailstore_webapp",
            "keycloak_realm.retailstore"
          ]
        }
      ]
    },
    {
      "mode": "managed",
      "type": "keycloak_user",
      "name": "raja",
      "provider": "provider[\"registry.terraform.io/mrparkers/keycloak\"]",
      "instances": [
        {
          "schema_version": 0,
          "attributes": {
            "attributes": null,
            "email": "rajakolli@gmail.com",
            "email_verified": true,
            "enabled": true,
            "federated_identity": [],
            "first_name": "Raja Dilip",
            "id": "38da4731-afc0-441a-b829-99d573b46fc4",
            "initial_password": [
              {
                "temporary": false,
                "value": "demo-throwaway-raja-pass"
              }
            ],
            "last_name": "Kolli",
            "realm_id": "retailstore",
            "required_actions": null,
            "username": "raja"
          },
          "sensitive_attributes": [
            [
              {
                "type": "get_attr",
                "value": "initial_password"
              },
              {
                "type": "index",
                "value": {
                  "value": 0,
                  "type": "number"
                }
              },
              {
                "type": "get_attr",
                "value": "value"
              }
            ]
          ],
          "private": "bnVsbA==",
          "dependencies": [
            "keycloak_realm.retailstore"
          ]
        }
      ]
    },
    {
      "mode": "managed",
      "type": "keycloak_user",
      "name": "retail",
      "provider": "provider[\"registry.terraform.io/mrparkers/keycloak\"]",
      "instances": [
        {
          "schema_version": 0,
          "attributes": {
            "attributes": null,
            "email": "retailstore@gmail.com",
            "email_verified": true,
            "enabled": true,
            "federated_identity": [],
            "first_name": "Retail",
            "id": "cba8612e-f65b-4d6e-8479-02b9258204b1",
            "initial_password": [
              {
                "temporary": false,
                "value": "demo-throwaway-retail-pass"
              }
            ],
            "last_name": "Store",
            "realm_id": "retailstore",
            "required_actions": null,
            "username": "retail"
          },
          "sensitive_attributes": [
            [
              {
                "type": "get_attr",
                "value": "initial_password"
              },
              {
                "type": "index",
                "value": {
                  "value": 0,
                  "type": "number"
                }
              },
              {
                "type": "get_attr",
                "value": "value"
              }
            ]
          ],
          "private": "bnVsbA==",
          "dependencies": [
            "keycloak_realm.retailstore"
          ]
        }
      ]
    },
    {
      "mode": "managed",
      "type": "keycloak_user_roles",
      "name": "raja_roles",
      "provider": "provider[\"registry.terraform.io/mrparkers/keycloak\"]",
      "instances": [
        {
          "schema_version": 0,
          "attributes": {
            "exhaustive": true,
            "id": "retailstore/38da4731-afc0-441a-b829-99d573b46fc4",
            "realm_id": "retailstore",
            "role_ids": [
              "e20b519b-4a87-46dd-b422-5ef58578873c"
            ],
            "user_id": "38da4731-afc0-441a-b829-99d573b46fc4"
          },
          "sensitive_attributes": [],
          "private": "bnVsbA==",
          "dependencies": [
            "data.keycloak_role.default_roles_retailstore",
            "keycloak_realm.retailstore",
            "keycloak_user.raja"
          ]
        }
      ]
    },
    {
      "mode": "managed",
      "type": "keycloak_user_roles",
      "name": "retail_roles",
      "provider": "provider[\"registry.terraform.io/mrparkers/keycloak\"]",
      "instances": [
        {
          "schema_version": 0,
          "attributes": {
            "exhaustive": true,
            "id": "retailstore/cba8612e-f65b-4d6e-8479-02b9258204b1",
            "realm_id": "retailstore",
            "role_ids": [
              "6653dfca-6313-4b45-b90e-666c7c8e64cb",
              "e20b519b-4a87-46dd-b422-5ef58578873c"
            ],
            "user_id": "cba8612e-f65b-4d6e-8479-02b9258204b1"
          },
          "sensitive_attributes": [],
          "private": "bnVsbA==",
          "dependencies": [
            "data.keycloak_role.default_roles_retailstore",
            "keycloak_openid_client.retailstore_webapp",
            "keycloak_realm.retailstore",
            "keycloak_role.webapp_admin_role",
            "keycloak_user.retail"
          ]
        }
      ]
    }
  ],
  "check_results": null
}
